
Microsoft Visual Studio Solution File, Format Version 12.00
# Visual Studio Version 17
VisualStudioVersion = 17.3.32929.385
MinimumVisualStudioVersion = 10.0.40219.1
Project("{FAE04EC0-301F-11D3-BF4B-00C04F79EFBC}") = "NLogProject", "NLogProject.csproj", "{6728284C-EF42-40D8-AD3F-7FEDACC873EF}"
EndProject
Global
	GlobalSection(SolutionConfigurationPlatforms) = preSolution
		Debug|Any CPU = Debug|Any CPU
		Release|Any CPU = Release|Any CPU
	EndGlobalSection
	GlobalSection(ProjectConfigurationPlatforms) = postSolution
		{6728284C-EF42-40D8-AD3F-7FEDACC873EF}.Debug|Any CPU.ActiveCfg = Debug|Any CPU
		{6728284C-EF42-40D8-AD3F-7FEDACC873EF}.Debug|Any CPU.Build.0 = Debug|Any CPU
		{6728284C-EF42-40D8-AD3F-7FEDACC873EF}.Release|Any CPU.ActiveCfg = Release|Any CPU
		{6728284C-EF42-40D8-AD3F-7FEDACC873EF}.Release|Any CPU.Build.0 = Release|Any CPU
	EndGlobalSection
	GlobalSection(SolutionProperties) = preSolution
		HideSolutionNode = FALSE
	EndGlobalSection
	GlobalSection(ExtensibilityGlobals) = postSolution
		SolutionGuid = {5B5DE932-354A-4342-AD3D-055568439F7A}
	EndGlobalSection
EndGlobal
